
Microsoft Visual Studio Solution File, Format Version 12.00
# Visual Studio Version 17
VisualStudioVersion = 17.9.34607.119
MinimumVisualStudioVersion = 10.0.40219.1
Project("{FAE04EC0-301F-11D3-BF4B-00C04F79EFBC}") = "variables", "variables\variables.csproj", "{AF70E7E0-4C1B-4B5A-9AD6-5E0FC639117C}"
EndProject
Global
	GlobalSection(SolutionConfigurationPlatforms) = preSolution
		Debug|Any CPU = Debug|Any CPU
		Release|Any CPU = Release|Any CPU
	EndGlobalSection
	GlobalSection(ProjectConfigurationPlatforms) = postSolution
		{AF70E7E0-4C1B-4B5A-9AD6-5E0FC639117C}.Debug|Any CPU.ActiveCfg = Debug|Any CPU
		{AF70E7E0-4C1B-4B5A-9AD6-5E0FC639117C}.Debug|Any CPU.Build.0 = Debug|Any CPU
		{AF70E7E0-4C1B-4B5A-9AD6-5E0FC639117C}.Release|Any CPU.ActiveCfg = Release|Any CPU
		{AF70E7E0-4C1B-4B5A-9AD6-5E0FC639117C}.Release|Any CPU.Build.0 = Release|Any CPU
	EndGlobalSection
	GlobalSection(SolutionProperties) = preSolution
		HideSolutionNode = FALSE
	EndGlobalSection
	GlobalSection(ExtensibilityGlobals) = postSolution
		SolutionGuid = {E86EF291-ECB8-4C7B-9709-CD40EC779326}
	EndGlobalSection
EndGlobal
